# XR01 post-review scene-update runtime verified on Windows/GTX 1080 Ti on 2026-08-22.
# DA3 remains the editable clean source at 3d835ec1a5802d64a8b8b15f817a1ab54809bfe4.
# xformers remains intentionally absent. PyTorch uses the existing CUDA wheel source.

torch==2.4.1+cu124
numpy==1.26.4
safetensors==0.4.5
rerun-sdk==0.22.1
pyarrow==25.0.1
scipy==1.17.1
psutil==7.0.0
einops==0.8.2
omegaconf==2.3.1
imageio==2.37.4
e3nn==0.6.0
